// !$*UTF8*$!
{
	archiveVersion = 1;
	classes = {
	};
	objectVersion = 55;
	objects = {

/* Begin PBXBuildFile section */
		EC0346A8281C177000BF669D /* ModalExView.swift in Sources */ = {isa = PBXBuildFile; fileRef = EC0346A7281C177000BF669D /* ModalExView.swift */; };
		EC0346AC281C337D00BF669D /* LogRawView.swift in Sources */ = {isa = PBXBuildFile; fileRef = EC0346AB281C337D00BF669D /* LogRawView.swift */; };
		EC0346AE281C34DC00BF669D /* LogBulletView.swift in Sources */ = {isa = PBXBuildFile; fileRef = EC0346AD281C34DC00BF669D /* LogBulletView.swift */; };
		EC0346B7281C499A00BF669D /* LogDetailView.swift in Sources */ = {isa = PBXBuildFile; fileRef = EC0346B6281C499A00BF669D /* LogDetailView.swift */; };
		EC37E89D281AD73100DC61B1 /* obo_1App.swift in Sources */ = {isa = PBXBuildFile; fileRef = EC37E89C281AD73100DC61B1 /* obo_1App.swift */; };
		EC37E89F281AD73100DC61B1 /* ContentView.swift in Sources */ = {isa = PBXBuildFile; fileRef = EC37E89E281AD73100DC61B1 /* ContentView.swift */; };
		EC37E8A1281AD73200DC61B1 /* Assets.xcassets in Resources */ = {isa = PBXBuildFile; fileRef = EC37E8A0281AD73200DC61B1 /* Assets.xcassets */; };
		EC37E8A4281AD73200DC61B1 /* Preview Assets.xcassets in Resources */ = {isa = PBXBuildFile; fileRef = EC37E8A3281AD73200DC61B1 /* Preview Assets.xcassets */; };
		EC37E8AB281AE04400DC61B1 /* MainView.swift in Sources */ = {isa = PBXBuildFile; fileRef = EC37E8AA281AE04400DC61B1 /* MainView.swift */; };
		EC37E8AD281AE81C00DC61B1 /* LogView.swift in Sources */ = {isa = PBXBuildFile; fileRef = EC37E8AC281AE81C00DC61B1 /* LogView.swift */; };
		EC37E8B3281AFA2E00DC61B1 /* mainSentenceView.swift in Sources */ = {isa = PBXBuildFile; fileRef = EC37E8B2281AFA2E00DC61B1 /* mainSentenceView.swift */; };
		EC4F7C642821BC6D00C72A61 /* Persistence.swift in Sources */ = {isa = PBXBuildFile; fileRef = EC4F7C632821BC6D00C72A61 /* Persistence.swift */; };
		EC4F7C682822472000C72A61 /* SentenceData.json in Resources */ = {isa = PBXBuildFile; fileRef = EC4F7C672822472000C72A61 /* SentenceData.json */; };
		EC4F7C6A2822496400C72A61 /* Dialogue.swift in Sources */ = {isa = PBXBuildFile; fileRef = EC4F7C692822496400C72A61 /* Dialogue.swift */; };
		EC4F7C6D2822961200C72A61 /* PapagoTest.swift in Sources */ = {isa = PBXBuildFile; fileRef = EC4F7C6C2822961200C72A61 /* PapagoTest.swift */; };
		EC560F902822B30A00F47E5E /* PapagoResult.swift in Sources */ = {isa = PBXBuildFile; fileRef = EC560F8F2822B30A00F47E5E /* PapagoResult.swift */; };
		EC560F942822CA2100F47E5E /* WordInfoModel.swift in Sources */ = {isa = PBXBuildFile; fileRef = EC560F932822CA2100F47E5E /* WordInfoModel.swift */; };
		EC560F962822CF8C00F47E5E /* DownloadWithEscaping.swift in Sources */ = {isa = PBXBuildFile; fileRef = EC560F952822CF8C00F47E5E /* DownloadWithEscaping.swift */; };
		EC560F982823B57300F47E5E /* writingListRow.swift in Sources */ = {isa = PBXBuildFile; fileRef = EC560F972823B57300F47E5E /* writingListRow.swift */; };
		EC560F9A2823FB2100F47E5E /* ViewExtension.swift in Sources */ = {isa = PBXBuildFile; fileRef = EC560F992823FB2100F47E5E /* ViewExtension.swift */; };
		EC560F9C2824006A00F47E5E /* Color.swift in Sources */ = {isa = PBXBuildFile; fileRef = EC560F9B2824006A00F47E5E /* Color.swift */; };
		EC560F9E282415DD00F47E5E /* viewExtension.swift in Sources */ = {isa = PBXBuildFile; fileRef = EC560F9D282415DD00F47E5E /* viewExtension.swift */; };
		EC987DE4281BB204006FAEB1 /* ModalView.swift in Sources */ = {isa = PBXBuildFile; fileRef = EC987DE3281BB204006FAEB1 /* ModalView.swift */; };
		EC987DE6281BB220006FAEB1 /* ModalTopView.swift in Sources */ = {isa = PBXBuildFile; fileRef = EC987DE5281BB220006FAEB1 /* ModalTopView.swift */; };
		EC987DE8281BBBE0006FAEB1 /* ModalWordView.swift in Sources */ = {isa = PBXBuildFile; fileRef = EC987DE7281BBBE0006FAEB1 /* ModalWordView.swift */; };
		ECA093AF28201EE100E4003E /* FlexibleView.swift in Sources */ = {isa = PBXBuildFile; fileRef = ECA093AE28201EE100E4003E /* FlexibleView.swift */; };
		ECA093B12820267D00E4003E /* SizeReader.swift in Sources */ = {isa = PBXBuildFile; fileRef = ECA093B02820267D00E4003E /* SizeReader.swift */; };
		ECA093B428202E2600E4003E /* SentenceModel.swift in Sources */ = {isa = PBXBuildFile; fileRef = ECA093B328202E2600E4003E /* SentenceModel.swift */; };
		ECA093B628203AC900E4003E /* _FlexibleView.swift in Sources */ = {isa = PBXBuildFile; fileRef = ECA093B528203AC900E4003E /* _FlexibleView.swift */; };
		ECA093BF2821397100E4003E /* SentenceDataModel.xcdatamodeld in Sources */ = {isa = PBXBuildFile; fileRef = ECA093BD2821397100E4003E /* SentenceDataModel.xcdatamodeld */; };
		ECA093C228214CD200E4003E /* CoreDataManager.swift in Sources */ = {isa = PBXBuildFile; fileRef = ECA093C128214CD200E4003E /* CoreDataManager.swift */; };
		ECA093C6282179A800E4003E /* SentenceDetail.swift in Sources */ = {isa = PBXBuildFile; fileRef = ECA093C5282179A800E4003E /* SentenceDetail.swift */; };
		ECD67306281FF10C00B1158C /* WritingView.swift in Sources */ = {isa = PBXBuildFile; fileRef = ECD67305281FF10C00B1158C /* WritingView.swift */; };
/* End PBXBuildFile section */

/* Begin PBXFileReference section */
		EC0346A7281C177000BF669D /* ModalExView.swift */ = {isa = PBXFileReference; lastKnownFileType = sourcecode.swift; path = ModalExView.swift; sourceTree = "<group>"; };
		EC0346AB281C337D00BF669D /* LogRawView.swift */ = {isa = PBXFileReference; lastKnownFileType = sourcecode.swift; path = LogRawView.swift; sourceTree = "<group>"; };
		EC0346AD281C34DC00BF669D /* LogBulletView.swift */ = {isa = PBXFileReference; lastKnownFileType = sourcecode.swift; path = LogBulletView.swift; sourceTree = "<group>"; };
		EC0346B6281C499A00BF669D /* LogDetailView.swift */ = {isa = PBXFileReference; lastKnownFileType = sourcecode.swift; path = LogDetailView.swift; sourceTree = "<group>"; };
		EC37E899281AD73100DC61B1 /* obo_1.app */ = {isa = PBXFileReference; explicitFileType = wrapper.application; includeInIndex = 0; path = obo_1.app; sourceTree = BUILT_PRODUCTS_DIR; };
		EC37E89C281AD73100DC61B1 /* obo_1App.swift */ = {isa = PBXFileReference; lastKnownFileType = sourcecode.swift; path = obo_1App.swift; sourceTree = "<group>"; };
		EC37E89E281AD73100DC61B1 /* ContentView.swift */ = {isa = PBXFileReference; lastKnownFileType = sourcecode.swift; path = ContentView.swift; sourceTree = "<group>"; };
		EC37E8A0281AD73200DC61B1 /* Assets.xcassets */ = {isa = PBXFileReference; lastKnownFileType = folder.assetcatalog; path = Assets.xcassets; sourceTree = "<group>"; };
		EC37E8A3281AD73200DC61B1 /* Preview Assets.xcassets */ = {isa = PBXFileReference; lastKnownFileType = folder.assetcatalog; path = "Preview Assets.xcassets"; sourceTree = "<group>"; };
		EC37E8AA281AE04400DC61B1 /* MainView.swift */ = {isa = PBXFileReference; lastKnownFileType = sourcecode.swift; path = MainView.swift; sourceTree = "<group>"; };
		EC37E8AC281AE81C00DC61B1 /* LogView.swift */ = {isa = PBXFileReference; lastKnownFileType = sourcecode.swift; path = LogView.swift; sourceTree = "<group>"; };
		EC37E8B2281AFA2E00DC61B1 /* mainSentenceView.swift */ = {isa = PBXFileReference; lastKnownFileType = sourcecode.swift; path = mainSentenceView.swift; sourceTree = "<group>"; };
		EC4F7C632821BC6D00C72A61 /* Persistence.swift */ = {isa = PBXFileReference; lastKnownFileType = sourcecode.swift; path = Persistence.swift; sourceTree = "<group>"; };
		EC4F7C672822472000C72A61 /* SentenceData.json */ = {isa = PBXFileReference; fileEncoding = 4; lastKnownFileType = text.json; path = SentenceData.json; sourceTree = "<group>"; };
		EC4F7C692822496400C72A61 /* Dialogue.swift */ = {isa = PBXFileReference; lastKnownFileType = sourcecode.swift; path = Dialogue.swift; sourceTree = "<group>"; };
		EC4F7C6C2822961200C72A61 /* PapagoTest.swift */ = {isa = PBXFileReference; lastKnownFileType = sourcecode.swift; path = PapagoTest.swift; sourceTree = "<group>"; };
		EC560F8F2822B30A00F47E5E /* PapagoResult.swift */ = {isa = PBXFileReference; lastKnownFileType = sourcecode.swift; path = PapagoResult.swift; sourceTree = "<group>"; };
		EC560F932822CA2100F47E5E /* WordInfoModel.swift */ = {isa = PBXFileReference; lastKnownFileType = sourcecode.swift; path = WordInfoModel.swift; sourceTree = "<group>"; };
		EC560F952822CF8C00F47E5E /* DownloadWithEscaping.swift */ = {isa = PBXFileReference; lastKnownFileType = sourcecode.swift; path = DownloadWithEscaping.swift; sourceTree = "<group>"; };
		EC560F972823B57300F47E5E /* writingListRow.swift */ = {isa = PBXFileReference; lastKnownFileType = sourcecode.swift; path = writingListRow.swift; sourceTree = "<group>"; };
		EC560F992823FB2100F47E5E /* ViewExtension.swift */ = {isa = PBXFileReference; fileEncoding = 4; lastKnownFileType = sourcecode.swift; name = ViewExtension.swift; path = ../Manager/ViewExtension.swift; sourceTree = "<group>"; };
		EC560F9B2824006A00F47E5E /* Color.swift */ = {isa = PBXFileReference; lastKnownFileType = sourcecode.swift; path = Color.swift; sourceTree = "<group>"; };
		EC560F9D282415DD00F47E5E /* viewExtension.swift */ = {isa = PBXFileReference; lastKnownFileType = sourcecode.swift; path = viewExtension.swift; sourceTree = "<group>"; };
		EC987DE3281BB204006FAEB1 /* ModalView.swift */ = {isa = PBXFileReference; lastKnownFileType = sourcecode.swift; path = ModalView.swift; sourceTree = "<group>"; };
		EC987DE5281BB220006FAEB1 /* ModalTopView.swift */ = {isa = PBXFileReference; lastKnownFileType = sourcecode.swift; path = ModalTopView.swift; sourceTree = "<group>"; };
		EC987DE7281BBBE0006FAEB1 /* ModalWordView.swift */ = {isa = PBXFileReference; lastKnownFileType = sourcecode.swift; path = ModalWordView.swift; sourceTree = "<group>"; };
		ECA093AE28201EE100E4003E /* FlexibleView.swift */ = {isa = PBXFileReference; lastKnownFileType = sourcecode.swift; path = FlexibleView.swift; sourceTree = "<group>"; };
		ECA093B02820267D00E4003E /* SizeReader.swift */ = {isa = PBXFileReference; lastKnownFileType = sourcecode.swift; path = SizeReader.swift; sourceTree = "<group>"; };
		ECA093B328202E2600E4003E /* SentenceModel.swift */ = {isa = PBXFileReference; lastKnownFileType = sourcecode.swift; path = SentenceModel.swift; sourceTree = "<group>"; };
		ECA093B528203AC900E4003E /* _FlexibleView.swift */ = {isa = PBXFileReference; lastKnownFileType = sourcecode.swift; path = _FlexibleView.swift; sourceTree = "<group>"; };
		ECA093BE2821397100E4003E /* SentenceDataModel.xcdatamodel */ = {isa = PBXFileReference; lastKnownFileType = wrapper.xcdatamodel; path = SentenceDataModel.xcdatamodel; sourceTree = "<group>"; };
		ECA093C128214CD200E4003E /* CoreDataManager.swift */ = {isa = PBXFileReference; lastKnownFileType = sourcecode.swift; path = CoreDataManager.swift; sourceTree = "<group>"; };
		ECA093C5282179A800E4003E /* SentenceDetail.swift */ = {isa = PBXFileReference; lastKnownFileType = sourcecode.swift; path = SentenceDetail.swift; sourceTree = "<group>"; };
		ECD67305281FF10C00B1158C /* WritingView.swift */ = {isa = PBXFileReference; lastKnownFileType = sourcecode.swift; path = WritingView.swift; sourceTree = "<group>"; };
/* End PBXFileReference section */

/* Begin PBXFrameworksBuildPhase section */
		EC37E896281AD73100DC61B1 /* Frameworks */ = {
			isa = PBXFrameworksBuildPhase;
			buildActionMask = 2147483647;
			files = (
			);
			runOnlyForDeploymentPostprocessing = 0;
		};
/* End PBXFrameworksBuildPhase section */

/* Begin PBXGroup section */
		EC0346A9281C2FDD00BF669D /* Modal */ = {
			isa = PBXGroup;
			children = (
				EC987DE5281BB220006FAEB1 /* ModalTopView.swift */,
				EC987DE3281BB204006FAEB1 /* ModalView.swift */,
				EC987DE7281BBBE0006FAEB1 /* ModalWordView.swift */,
				EC0346A7281C177000BF669D /* ModalExView.swift */,
			);
			path = Modal;
			sourceTree = "<group>";
		};
		EC0346AA281C2FF900BF669D /* Main */ = {
			isa = PBXGroup;
			children = (
				EC37E8B2281AFA2E00DC61B1 /* mainSentenceView.swift */,
				EC37E8AA281AE04400DC61B1 /* MainView.swift */,
			);
			path = Main;
			sourceTree = "<group>";
		};
		EC0346B3281C494400BF669D /* Log */ = {
			isa = PBXGroup;
			children = (
				EC37E8AC281AE81C00DC61B1 /* LogView.swift */,
				EC0346AD281C34DC00BF669D /* LogBulletView.swift */,
				EC0346AB281C337D00BF669D /* LogRawView.swift */,
			);
			path = Log;
			sourceTree = "<group>";
		};
		EC37E890281AD73100DC61B1 = {
			isa = PBXGroup;
			children = (
				EC37E89B281AD73100DC61B1 /* obo_1 */,
				EC37E89A281AD73100DC61B1 /* Products */,
			);
			sourceTree = "<group>";
		};
		EC37E89A281AD73100DC61B1 /* Products */ = {
			isa = PBXGroup;
			children = (
				EC37E899281AD73100DC61B1 /* obo_1.app */,
			);
			name = Products;
			sourceTree = "<group>";
		};
		EC37E89B281AD73100DC61B1 /* obo_1 */ = {
			isa = PBXGroup;
			children = (
				EC37E89C281AD73100DC61B1 /* obo_1App.swift */,
				EC37E89E281AD73100DC61B1 /* ContentView.swift */,
				EC4F7C652821BF8B00C72A61 /* Bootcamp */,
				ECA093C028214CB000E4003E /* Manager */,
				ECA093B228202E1400E4003E /* Model */,
				EC0346A9281C2FDD00BF669D /* Modal */,
				EC0346AA281C2FF900BF669D /* Main */,
				EC0346B3281C494400BF669D /* Log */,
				ECA093BC2821160A00E4003E /* WritingView */,
				ECA093BB282115C300E4003E /* Extension */,
				EC0346B6281C499A00BF669D /* LogDetailView.swift */,
				EC560F9B2824006A00F47E5E /* Color.swift */,
				EC4F7C692822496400C72A61 /* Dialogue.swift */,
				EC4F7C672822472000C72A61 /* SentenceData.json */,
				EC37E8A0281AD73200DC61B1 /* Assets.xcassets */,
				EC4F7C6B282295F200C72A61 /* API */,
				EC37E8A2281AD73200DC61B1 /* Preview Content */,
			);
			path = obo_1;
			sourceTree = "<group>";
		};
		EC37E8A2281AD73200DC61B1 /* Preview Content */ = {
			isa = PBXGroup;
			children = (
				EC37E8A3281AD73200DC61B1 /* Preview Assets.xcassets */,
			);
			path = "Preview Content";
			sourceTree = "<group>";
		};
		EC4F7C652821BF8B00C72A61 /* Bootcamp */ = {
			isa = PBXGroup;
			children = (
				EC4F7C632821BC6D00C72A61 /* Persistence.swift */,
			);
			path = Bootcamp;
			sourceTree = "<group>";
		};
		EC4F7C6B282295F200C72A61 /* API */ = {
			isa = PBXGroup;
			children = (
				EC4F7C6C2822961200C72A61 /* PapagoTest.swift */,
				EC560F8F2822B30A00F47E5E /* PapagoResult.swift */,
				EC560F952822CF8C00F47E5E /* DownloadWithEscaping.swift */,
				EC560F932822CA2100F47E5E /* WordInfoModel.swift */,
			);
			path = API;
			sourceTree = "<group>";
		};
		ECA093B228202E1400E4003E /* Model */ = {
			isa = PBXGroup;
			children = (
				ECA093B328202E2600E4003E /* SentenceModel.swift */,
			);
			path = Model;
			sourceTree = "<group>";
		};
		ECA093BB282115C300E4003E /* Extension */ = {
			isa = PBXGroup;
			children = (
				EC560F992823FB2100F47E5E /* ViewExtension.swift */,
				EC560F9D282415DD00F47E5E /* viewExtension.swift */,
				ECA093B02820267D00E4003E /* SizeReader.swift */,
			);
			path = Extension;
			sourceTree = "<group>";
		};
		ECA093BC2821160A00E4003E /* WritingView */ = {
			isa = PBXGroup;
			children = (
				ECD67305281FF10C00B1158C /* WritingView.swift */,
				ECA093C5282179A800E4003E /* SentenceDetail.swift */,
				ECA093AE28201EE100E4003E /* FlexibleView.swift */,
				ECA093B528203AC900E4003E /* _FlexibleView.swift */,
				EC560F972823B57300F47E5E /* writingListRow.swift */,
			);
			path = WritingView;
			sourceTree = "<group>";
		};
		ECA093C028214CB000E4003E /* Manager */ = {
			isa = PBXGroup;
			children = (
				ECA093BD2821397100E4003E /* SentenceDataModel.xcdatamodeld */,
				ECA093C128214CD200E4003E /* CoreDataManager.swift */,
			);
			path = Manager;
			sourceTree = "<group>";
		};
/* End PBXGroup section */

/* Begin PBXNativeTarget section */
		EC37E898281AD73100DC61B1 /* obo_1 */ = {
			isa = PBXNativeTarget;
			buildConfigurationList = EC37E8A7281AD73200DC61B1 /* Build configuration list for PBXNativeTarget "obo_1" */;
			buildPhases = (
				EC37E895281AD73100DC61B1 /* Sources */,
				EC37E896281AD73100DC61B1 /* Frameworks */,
				EC37E897281AD73100DC61B1 /* Resources */,
			);
			buildRules = (
			);
			dependencies = (
			);
			name = obo_1;
			productName = obo_1;
			productReference = EC37E899281AD73100DC61B1 /* obo_1.app */;
			productType = "com.apple.product-type.application";
		};
/* End PBXNativeTarget section */

/* Begin PBXProject section */
		EC37E891281AD73100DC61B1 /* Project object */ = {
			isa = PBXProject;
			attributes = {
				BuildIndependentTargetsInParallel = 1;
				LastSwiftUpdateCheck = 1330;
				LastUpgradeCheck = 1330;
				TargetAttributes = {
					EC37E898281AD73100DC61B1 = {
						CreatedOnToolsVersion = 13.3;
					};
				};
			};
			buildConfigurationList = EC37E894281AD73100DC61B1 /* Build configuration list for PBXProject "obo_1" */;
			compatibilityVersion = "Xcode 13.0";
			developmentRegion = en;
			hasScannedForEncodings = 0;
			knownRegions = (
				en,
				Base,
			);
			mainGroup = EC37E890281AD73100DC61B1;
			productRefGroup = EC37E89A281AD73100DC61B1 /* Products */;
			projectDirPath = "";
			projectRoot = "";
			targets = (
				EC37E898281AD73100DC61B1 /* obo_1 */,
			);
		};
/* End PBXProject section */

/* Begin PBXResourcesBuildPhase section */
		EC37E897281AD73100DC61B1 /* Resources */ = {
			isa = PBXResourcesBuildPhase;
			buildActionMask = 2147483647;
			files = (
				EC37E8A4281AD73200DC61B1 /* Preview Assets.xcassets in Resources */,
				EC37E8A1281AD73200DC61B1 /* Assets.xcassets in Resources */,
				EC4F7C682822472000C72A61 /* SentenceData.json in Resources */,
			);
			runOnlyForDeploymentPostprocessing = 0;
		};
/* End PBXResourcesBuildPhase section */

/* Begin PBXSourcesBuildPhase section */
		EC37E895281AD73100DC61B1 /* Sources */ = {
			isa = PBXSourcesBuildPhase;
			buildActionMask = 2147483647;
			files = (
				EC560F902822B30A00F47E5E /* PapagoResult.swift in Sources */,
				EC987DE6281BB220006FAEB1 /* ModalTopView.swift in Sources */,
				EC0346A8281C177000BF669D /* ModalExView.swift in Sources */,
				EC37E89F281AD73100DC61B1 /* ContentView.swift in Sources */,
				EC560F9E282415DD00F47E5E /* viewExtension.swift in Sources */,
				EC37E8AD281AE81C00DC61B1 /* LogView.swift in Sources */,
				ECA093AF28201EE100E4003E /* FlexibleView.swift in Sources */,
				EC37E8AB281AE04400DC61B1 /* MainView.swift in Sources */,
				EC0346AC281C337D00BF669D /* LogRawView.swift in Sources */,
				EC560F982823B57300F47E5E /* writingListRow.swift in Sources */,
				ECA093B12820267D00E4003E /* SizeReader.swift in Sources */,
				EC560F9A2823FB2100F47E5E /* ViewExtension.swift in Sources */,
				EC4F7C642821BC6D00C72A61 /* Persistence.swift in Sources */,
				EC0346B7281C499A00BF669D /* LogDetailView.swift in Sources */,
				EC987DE4281BB204006FAEB1 /* ModalView.swift in Sources */,
				ECA093B428202E2600E4003E /* SentenceModel.swift in Sources */,
				EC37E8B3281AFA2E00DC61B1 /* mainSentenceView.swift in Sources */,
				EC987DE8281BBBE0006FAEB1 /* ModalWordView.swift in Sources */,
				EC560F9C2824006A00F47E5E /* Color.swift in Sources */,
				ECD67306281FF10C00B1158C /* WritingView.swift in Sources */,
				EC560F942822CA2100F47E5E /* WordInfoModel.swift in Sources */,
				ECA093B628203AC900E4003E /* _FlexibleView.swift in Sources */,
				EC37E89D281AD73100DC61B1 /* obo_1App.swift in Sources */,
				EC0346AE281C34DC00BF669D /* LogBulletView.swift in Sources */,
				EC4F7C6D2822961200C72A61 /* PapagoTest.swift in Sources */,
				ECA093BF2821397100E4003E /* SentenceDataModel.xcdatamodeld in Sources */,
				ECA093C228214CD200E4003E /* CoreDataManager.swift in Sources */,
				EC4F7C6A2822496400C72A61 /* Dialogue.swift in Sources */,
				ECA093C6282179A800E4003E /* SentenceDetail.swift in Sources */,
				EC560F962822CF8C00F47E5E /* DownloadWithEscaping.swift in Sources */,
			);
			runOnlyForDeploymentPostprocessing = 0;
		};
/* End PBXSourcesBuildPhase section */

/* Begin XCBuildConfiguration section */
		EC37E8A5281AD73200DC61B1 /* Debug */ = {
			isa = XCBuildConfiguration;
			buildSettings = {
				ALWAYS_SEARCH_USER_PATHS = NO;
				CLANG_ANALYZER_NONNULL = YES;
				CLANG_ANALYZER_NUMBER_OBJECT_CONVERSION = YES_AGGRESSIVE;
				CLANG_CXX_LANGUAGE_STANDARD = "gnu++17";
				CLANG_ENABLE_MODULES = YES;
				CLANG_ENABLE_OBJC_ARC = YES;
				CLANG_ENABLE_OBJC_WEAK = YES;
				CLANG_WARN_BLOCK_CAPTURE_AUTORELEASING = YES;
				CLANG_WARN_BOOL_CONVERSION = YES;
				CLANG_WARN_COMMA = YES;
				CLANG_WARN_CONSTANT_CONVERSION = YES;
				CLANG_WARN_DEPRECATED_OBJC_IMPLEMENTATIONS = YES;
				CLANG_WARN_DIRECT_OBJC_ISA_USAGE = YES_ERROR;
				CLANG_WARN_DOCUMENTATION_COMMENTS = YES;
				CLANG_WARN_EMPTY_BODY = YES;
				CLANG_WARN_ENUM_CONVERSION = YES;
				CLANG_WARN_INFINITE_RECURSION = YES;
				CLANG_WARN_INT_CONVERSION = YES;
				CLANG_WARN_NON_LITERAL_NULL_CONVERSION = YES;
				CLANG_WARN_OBJC_IMPLICIT_RETAIN_SELF = YES;
				CLANG_WARN_OBJC_LITERAL_CONVERSION = YES;
				CLANG_WARN_OBJC_ROOT_CLASS = YES_ERROR;
				CLANG_WARN_QUOTED_INCLUDE_IN_FRAMEWORK_HEADER = YES;
				CLANG_WARN_RANGE_LOOP_ANALYSIS = YES;
				CLANG_WARN_STRICT_PROTOTYPES = YES;
				CLANG_WARN_SUSPICIOUS_MOVE = YES;
				CLANG_WARN_UNGUARDED_AVAILABILITY = YES_AGGRESSIVE;
				CLANG_WARN_UNREACHABLE_CODE = YES;
				CLANG_WARN__DUPLICATE_METHOD_MATCH = YES;
				COPY_PHASE_STRIP = NO;
				DEBUG_INFORMATION_FORMAT = dwarf;
				ENABLE_STRICT_OBJC_MSGSEND = YES;
				ENABLE_TESTABILITY = YES;
				GCC_C_LANGUAGE_STANDARD = gnu11;
				GCC_DYNAMIC_NO_PIC = NO;
				GCC_NO_COMMON_BLOCKS = YES;
				GCC_OPTIMIZATION_LEVEL = 0;
				GCC_PREPROCESSOR_DEFINITIONS = (
					"DEBUG=1",
					"$(inherited)",
				);
				GCC_WARN_64_TO_32_BIT_CONVERSION = YES;
				GCC_WARN_ABOUT_RETURN_TYPE = YES_ERROR;
				GCC_WARN_UNDECLARED_SELECTOR = YES;
				GCC_WARN_UNINITIALIZED_AUTOS = YES_AGGRESSIVE;
				GCC_WARN_UNUSED_FUNCTION = YES;
				GCC_WARN_UNUSED_VARIABLE = YES;
				IPHONEOS_DEPLOYMENT_TARGET = 15.4;
				MTL_ENABLE_DEBUG_INFO = INCLUDE_SOURCE;
				MTL_FAST_MATH = YES;
				ONLY_ACTIVE_ARCH = YES;
				SDKROOT = iphoneos;
				SWIFT_ACTIVE_COMPILATION_CONDITIONS = DEBUG;
				SWIFT_OPTIMIZATION_LEVEL = "-Onone";
			};
			name = Debug;
		};
		EC37E8A6281AD73200DC61B1 /* Release */ = {
			isa = XCBuildConfiguration;
			buildSettings = {
				ALWAYS_SEARCH_USER_PATHS = NO;
				CLANG_ANALYZER_NONNULL = YES;
				CLANG_ANALYZER_NUMBER_OBJECT_CONVERSION = YES_AGGRESSIVE;
				CLANG_CXX_LANGUAGE_STANDARD = "gnu++17";
				CLANG_ENABLE_MODULES = YES;
				CLANG_ENABLE_OBJC_ARC = YES;
				CLANG_ENABLE_OBJC_WEAK = YES;
				CLANG_WARN_BLOCK_CAPTURE_AUTORELEASING = YES;
				CLANG_WARN_BOOL_CONVERSION = YES;
				CLANG_WARN_COMMA = YES;
				CLANG_WARN_CONSTANT_CONVERSION = YES;
				CLANG_WARN_DEPRECATED_OBJC_IMPLEMENTATIONS = YES;
				CLANG_WARN_DIRECT_OBJC_ISA_USAGE = YES_ERROR;
				CLANG_WARN_DOCUMENTATION_COMMENTS = YES;
				CLANG_WARN_EMPTY_BODY = YES;
				CLANG_WARN_ENUM_CONVERSION = YES;
				CLANG_WARN_INFINITE_RECURSION = YES;
				CLANG_WARN_INT_CONVERSION = YES;
				CLANG_WARN_NON_LITERAL_NULL_CONVERSION = YES;
				CLANG_WARN_OBJC_IMPLICIT_RETAIN_SELF = YES;
				CLANG_WARN_OBJC_LITERAL_CONVERSION = YES;
				CLANG_WARN_OBJC_ROOT_CLASS = YES_ERROR;
				CLANG_WARN_QUOTED_INCLUDE_IN_FRAMEWORK_HEADER = YES;
				CLANG_WARN_RANGE_LOOP_ANALYSIS = YES;
				CLANG_WARN_STRICT_PROTOTYPES = YES;
				CLANG_WARN_SUSPICIOUS_MOVE = YES;
				CLANG_WARN_UNGUARDED_AVAILABILITY = YES_AGGRESSIVE;
				CLANG_WARN_UNREACHABLE_CODE = YES;
				CLANG_WARN__DUPLICATE_METHOD_MATCH = YES;
				COPY_PHASE_STRIP = NO;
				DEBUG_INFORMATION_FORMAT = "dwarf-with-dsym";
				ENABLE_NS_ASSERTIONS = NO;
				ENABLE_STRICT_OBJC_MSGSEND = YES;
				GCC_C_LANGUAGE_STANDARD = gnu11;
				GCC_NO_COMMON_BLOCKS = YES;
				GCC_WARN_64_TO_32_BIT_CONVERSION = YES;
				GCC_WARN_ABOUT_RETURN_TYPE = YES_ERROR;
				GCC_WARN_UNDECLARED_SELECTOR = YES;
				GCC_WARN_UNINITIALIZED_AUTOS = YES_AGGRESSIVE;
				GCC_WARN_UNUSED_FUNCTION = YES;
				GCC_WARN_UNUSED_VARIABLE = YES;
				IPHONEOS_DEPLOYMENT_TARGET = 15.4;
				MTL_ENABLE_DEBUG_INFO = NO;
				MTL_FAST_MATH = YES;
				SDKROOT = iphoneos;
				SWIFT_COMPILATION_MODE = wholemodule;
				SWIFT_OPTIMIZATION_LEVEL = "-O";
				VALIDATE_PRODUCT = YES;
			};
			name = Release;
		};
		EC37E8A8281AD73200DC61B1 /* Debug */ = {
			isa = XCBuildConfiguration;
			buildSettings = {
				ASSETCATALOG_COMPILER_APPICON_NAME = AppIcon;
				ASSETCATALOG_COMPILER_GLOBAL_ACCENT_COLOR_NAME = AccentColor;
				CODE_SIGN_STYLE = Automatic;
				CURRENT_PROJECT_VERSION = 1;
				DEVELOPMENT_ASSET_PATHS = "\"obo_1/Preview Content\"";
				ENABLE_PREVIEWS = YES;
				GENERATE_INFOPLIST_FILE = YES;
				INFOPLIST_KEY_UIApplicationSceneManifest_Generation = YES;
				INFOPLIST_KEY_UIApplicationSupportsIndirectInputEvents = YES;
				INFOPLIST_KEY_UILaunchScreen_Generation = YES;
				INFOPLIST_KEY_UISupportedInterfaceOrientations_iPad = "UIInterfaceOrientationPortrait UIInterfaceOrientationPortraitUpsideDown UIInterfaceOrientationLandscapeLeft UIInterfaceOrientationLandscapeRight";
				INFOPLIST_KEY_UISupportedInterfaceOrientations_iPhone = "UIInterfaceOrientationPortrait UIInterfaceOrientationLandscapeLeft UIInterfaceOrientationLandscapeRight";
				LD_RUNPATH_SEARCH_PATHS = (
					"$(inherited)",
					"@executable_path/Frameworks",
				);
				MARKETING_VERSION = 1.0;
				PRODUCT_BUNDLE_IDENTIFIER = "DDD.obo-1";
				PRODUCT_NAME = "$(TARGET_NAME)";
				SWIFT_EMIT_LOC_STRINGS = YES;
				SWIFT_VERSION = 5.0;
				TARGETED_DEVICE_FAMILY = "1,2";
			};
			name = Debug;
		};
		EC37E8A9281AD73200DC61B1 /* Release */ = {
			isa = XCBuildConfiguration;
			buildSettings = {
				ASSETCATALOG_COMPILER_APPICON_NAME = AppIcon;
				ASSETCATALOG_COMPILER_GLOBAL_ACCENT_COLOR_NAME = AccentColor;
				CODE_SIGN_STYLE = Automatic;
				CURRENT_PROJECT_VERSION = 1;
				DEVELOPMENT_ASSET_PATHS = "\"obo_1/Preview Content\"";
				ENABLE_PREVIEWS = YES;
				GENERATE_INFOPLIST_FILE = YES;
				INFOPLIST_KEY_UIApplicationSceneManifest_Generation = YES;
				INFOPLIST_KEY_UIApplicationSupportsIndirectInputEvents = YES;
				INFOPLIST_KEY_UILaunchScreen_Generation = YES;
				INFOPLIST_KEY_UISupportedInterfaceOrientations_iPad = "UIInterfaceOrientationPortrait UIInterfaceOrientationPortraitUpsideDown UIInterfaceOrientationLandscapeLeft UIInterfaceOrientationLandscapeRight";
				INFOPLIST_KEY_UISupportedInterfaceOrientations_iPhone = "UIInterfaceOrientationPortrait UIInterfaceOrientationLandscapeLeft UIInterfaceOrientationLandscapeRight";
				LD_RUNPATH_SEARCH_PATHS = (
					"$(inherited)",
					"@executable_path/Frameworks",
				);
				MARKETING_VERSION = 1.0;
				PRODUCT_BUNDLE_IDENTIFIER = "DDD.obo-1";
				PRODUCT_NAME = "$(TARGET_NAME)";
				SWIFT_EMIT_LOC_STRINGS = YES;
				SWIFT_VERSION = 5.0;
				TARGETED_DEVICE_FAMILY = "1,2";
			};
			name = Release;
		};
/* End XCBuildConfiguration section */

/* Begin XCConfigurationList section */
		EC37E894281AD73100DC61B1 /* Build configuration list for PBXProject "obo_1" */ = {
			isa = XCConfigurationList;
			buildConfigurations = (
				EC37E8A5281AD73200DC61B1 /* Debug */,
				EC37E8A6281AD73200DC61B1 /* Release */,
			);
			defaultConfigurationIsVisible = 0;
			defaultConfigurationName = Release;
		};
		EC37E8A7281AD73200DC61B1 /* Build configuration list for PBXNativeTarget "obo_1" */ = {
			isa = XCConfigurationList;
			buildConfigurations = (
				EC37E8A8281AD73200DC61B1 /* Debug */,
				EC37E8A9281AD73200DC61B1 /* Release */,
			);
			defaultConfigurationIsVisible = 0;
			defaultConfigurationName = Release;
		};
/* End XCConfigurationList section */

/* Begin XCVersionGroup section */
		ECA093BD2821397100E4003E /* SentenceDataModel.xcdatamodeld */ = {
			isa = XCVersionGroup;
			children = (
				ECA093BE2821397100E4003E /* SentenceDataModel.xcdatamodel */,
			);
			currentVersion = ECA093BE2821397100E4003E /* SentenceDataModel.xcdatamodel */;
			path = SentenceDataModel.xcdatamodeld;
			sourceTree = "<group>";
			versionGroupType = wrapper.xcdatamodel;
		};
/* End XCVersionGroup section */
	};
	rootObject = EC37E891281AD73100DC61B1 /* Project object */;
}
